
Microsoft Visual Studio Solution File, Format Version 12.00
# Visual Studio Version 16
VisualStudioVersion = 16.0.30621.155
MinimumVisualStudioVersion = 10.0.40219.1
Project("{FAE04EC0-301F-11D3-BF4B-00C04F79EFBC}") = "OSLab6", "OSLab6\OSLab6.csproj", "{E3699A4E-B1F7-40FE-AC7B-F6C3379C7F6F}"
EndProject
Global
	GlobalSection(SolutionConfigurationPlatforms) = preSolution
		Debug|Any CPU = Debug|Any CPU
		Release|Any CPU = Release|Any CPU
	EndGlobalSection
	GlobalSection(ProjectConfigurationPlatforms) = postSolution
		{E3699A4E-B1F7-40FE-AC7B-F6C3379C7F6F}.Debug|Any CPU.ActiveCfg = Debug|Any CPU
		{E3699A4E-B1F7-40FE-AC7B-F6C3379C7F6F}.Debug|Any CPU.Build.0 = Debug|Any CPU
		{E3699A4E-B1F7-40FE-AC7B-F6C3379C7F6F}.Release|Any CPU.ActiveCfg = Release|Any CPU
		{E3699A4E-B1F7-40FE-AC7B-F6C3379C7F6F}.Release|Any CPU.Build.0 = Release|Any CPU
	EndGlobalSection
	GlobalSection(SolutionProperties) = preSolution
		HideSolutionNode = FALSE
	EndGlobalSection
	GlobalSection(ExtensibilityGlobals) = postSolution
		SolutionGuid = {9155C571-C23B-4FB6-B303-86BA2032464D}
	EndGlobalSection
EndGlobal
